PODS:
  - Alamofire (4.5.1)
  - CryptoSwift (0.8.0)
  - GzipSwift (4.0.2)
  - SQLCipher (3.4.1):
    - SQLCipher/standard (= 3.4.1)
  - SQLCipher/common (3.4.1)
  - SQLCipher/standard (3.4.1):
    - SQLCipher/common
  - SQLite.swift/SQLCipher (0.11.4):
    - SQLCipher (>= 3.4.0)
  - SwiftyJSON (3.1.4)
  - YandexMobileMetrica (2.9.4):
    - YandexMobileMetrica/Static (= 2.9.4)
  - YandexMobileMetrica/Static (2.9.4)

DEPENDENCIES:
  - Alamofire (~> 4.5)
  - CryptoSwift (~> 0.8)
  - GzipSwift (~> 4.0)
  - SQLCipher/standard (~> 3.4)
  - SQLite.swift/SQLCipher (~> 0.11)
  - SwiftyJSON (~> 3.1)
  - YandexMobileMetrica (~> 2.9)

SPEC CHECKSUMS:
  Alamofire: 2d95912bf4c34f164fdfc335872e8c312acaea4a
  CryptoSwift: f81907430ebbe38b8404b4f6fb40f3c576a8755f
  GzipSwift: 3faa3c3aece7cb0b0112c5e0c2f433164f683ae9
  SQLCipher: 43d12c0eb9c57fb438749618fc3ce0065509a559
  SQLite.swift: 3e3bee21da701b5b9f87c4a672cb54f233505692
  SwiftyJSON: c2842d878f95482ffceec5709abc3d05680c0220
  YandexMobileMetrica: 8f150e2d04cf34e3af9506a75310a6229bcf05c5

PODFILE CHECKSUM: b296861164f8c9b0a34483c99d4ed8a2d09d2bc5

COCOAPODS: 1.4.0.beta.2
